// !$*UTF8*$!
{
	archiveVersion = 1;
	classes = {
	};
	objectVersion = 56;
	objects = {

/* Begin PBXBuildFile section */
		648CE4F9291865E700489215 /* MemorizeApp.swift in Sources */ = {isa = PBXBuildFile; fileRef = 648CE4F8291865E700489215 /* MemorizeApp.swift */; };
		648CE4FB291865E700489215 /* ContentView.swift in Sources */ = {isa = PBXBuildFile; fileRef = 648CE4FA291865E700489215 /* ContentView.swift */; };
		648CE4FD291865E800489215 /* Assets.xcassets in Resources */ = {isa = PBXBuildFile; fileRef = 648CE4FC291865E800489215 /* Assets.xcassets */; };
		648CE500291865E800489215 /* Preview Assets.xcassets in Resources */ = {isa = PBXBuildFile; fileRef = 648CE4FF291865E800489215 /* Preview Assets.xcassets */; };
		648CE50A291865E800489215 /* MemorizeTests.swift in Sources */ = {isa = PBXBuildFile; fileRef = 648CE509291865E800489215 /* MemorizeTests.swift */; };
		648CE514291865E800489215 /* MemorizeUITests.swift in Sources */ = {isa = PBXBuildFile; fileRef = 648CE513291865E800489215 /* MemorizeUITests.swift */; };
		648CE516291865E800489215 /* MemorizeUITestsLaunchTests.swift in Sources */ = {isa = PBXBuildFile; fileRef = 648CE515291865E800489215 /* MemorizeUITestsLaunchTests.swift */; };
		648CE52729186C7E00489215 /* CardView.swift in Sources */ = {isa = PBXBuildFile; fileRef = 648CE52629186C7E00489215 /* CardView.swift */; };
/* End PBXBuildFile section */

/* Begin PBXContainerItemProxy section */
		648CE506291865E800489215 /* PBXContainerItemProxy */ = {
			isa = PBXContainerItemProxy;
			containerPortal = 648CE4ED291865E700489215 /* Project object */;
			proxyType = 1;
			remoteGlobalIDString = 648CE4F4291865E700489215;
			remoteInfo = Memorize;
		};
		648CE510291865E800489215 /* PBXContainerItemProxy */ = {
			isa = PBXContainerItemProxy;
			containerPortal = 648CE4ED291865E700489215 /* Project object */;
			proxyType = 1;
			remoteGlobalIDString = 648CE4F4291865E700489215;
			remoteInfo = Memorize;
		};
/* End PBXContainerItemProxy section */

/* Begin PBXFileReference section */
		648CE4F5291865E700489215 /* Memorize.app */ = {isa = PBXFileReference; explicitFileType = wrapper.application; includeInIndex = 0; path = Memorize.app; sourceTree = BUILT_PRODUCTS_DIR; };
		648CE4F8291865E700489215 /* MemorizeApp.swift */ = {isa = PBXFileReference; lastKnownFileType = sourcecode.swift; path = MemorizeApp.swift; sourceTree = "<group>"; };
		648CE4FA291865E700489215 /* ContentView.swift */ = {isa = PBXFileReference; lastKnownFileType = sourcecode.swift; path = ContentView.swift; sourceTree = "<group>"; };
		648CE4FC291865E800489215 /* Assets.xcassets */ = {isa = PBXFileReference; lastKnownFileType = folder.assetcatalog; path = Assets.xcassets; sourceTree = "<group>"; };
		648CE4FF291865E800489215 /* Preview Assets.xcassets */ = {isa = PBXFileReference; lastKnownFileType = folder.assetcatalog; path = "Preview Assets.xcassets"; sourceTree = "<group>"; };
		648CE505291865E800489215 /* MemorizeTests.xctest */ = {isa = PBXFileReference; explicitFileType = wrapper.cfbundle; includeInIndex = 0; path = MemorizeTests.xctest; sourceTree = BUILT_PRODUCTS_DIR; };
		648CE509291865E800489215 /* MemorizeTests.swift */ = {isa = PBXFileReference; lastKnownFileType = sourcecode.swift; path = MemorizeTests.swift; sourceTree = "<group>"; };
		648CE50F291865E800489215 /* MemorizeUITests.xctest */ = {isa = PBXFileReference; explicitFileType = wrapper.cfbundle; includeInIndex = 0; path = MemorizeUITests.xctest; sourceTree = BUILT_PRODUCTS_DIR; };
		648CE513291865E800489215 /* MemorizeUITests.swift */ = {isa = PBXFileReference; lastKnownFileType = sourcecode.swift; path = MemorizeUITests.swift; sourceTree = "<group>"; };
		648CE515291865E800489215 /* MemorizeUITestsLaunchTests.swift */ = {isa = PBXFileReference; lastKnownFileType = sourcecode.swift; path = MemorizeUITestsLaunchTests.swift; sourceTree = "<group>"; };
		648CE52629186C7E00489215 /* CardView.swift */ = {isa = PBXFileReference; lastKnownFileType = sourcecode.swift; path = CardView.swift; sourceTree = "<group>"; };
/* End PBXFileReference section */

/* Begin PBXFrameworksBuildPhase section */
		648CE4F2291865E700489215 /* Frameworks */ = {
			isa = PBXFrameworksBuildPhase;
			buildActionMask = 2147483647;
			files = (
			);
			runOnlyForDeploymentPostprocessing = 0;
		};
		648CE502291865E800489215 /* Frameworks */ = {
			isa = PBXFrameworksBuildPhase;
			buildActionMask = 2147483647;
			files = (
			);
			runOnlyForDeploymentPostprocessing = 0;
		};
		648CE50C291865E800489215 /* Frameworks */ = {
			isa = PBXFrameworksBuildPhase;
			buildActionMask = 2147483647;
			files = (
			);
			runOnlyForDeploymentPostprocessing = 0;
		};
/* End PBXFrameworksBuildPhase section */

/* Begin PBXGroup section */
		648CE4EC291865E700489215 = {
			isa = PBXGroup;
			children = (
				648CE4F7291865E700489215 /* Memorize */,
				648CE508291865E800489215 /* MemorizeTests */,
				648CE512291865E800489215 /* MemorizeUITests */,
				648CE4F6291865E700489215 /* Products */,
			);
			sourceTree = "<group>";
		};
		648CE4F6291865E700489215 /* Products */ = {
			isa = PBXGroup;
			children = (
				648CE4F5291865E700489215 /* Memorize.app */,
				648CE505291865E800489215 /* MemorizeTests.xctest */,
				648CE50F291865E800489215 /* MemorizeUITests.xctest */,
			);
			name = Products;
			sourceTree = "<group>";
		};
		648CE4F7291865E700489215 /* Memorize */ = {
			isa = PBXGroup;
			children = (
				648CE4F8291865E700489215 /* MemorizeApp.swift */,
				648CE4FA291865E700489215 /* ContentView.swift */,
				648CE4FC291865E800489215 /* Assets.xcassets */,
				648CE4FE291865E800489215 /* Preview Content */,
				648CE52629186C7E00489215 /* CardView.swift */,
			);
			path = Memorize;
			sourceTree = "<group>";
		};
		648CE4FE291865E800489215 /* Preview Content */ = {
			isa = PBXGroup;
			children = (
				648CE4FF291865E800489215 /* Preview Assets.xcassets */,
			);
			path = "Preview Content";
			sourceTree = "<group>";
		};
		648CE508291865E800489215 /* MemorizeTests */ = {
			isa = PBXGroup;
			children = (
				648CE509291865E800489215 /* MemorizeTests.swift */,
			);
			path = MemorizeTests;
			sourceTree = "<group>";
		};
		648CE512291865E800489215 /* MemorizeUITests */ = {
			isa = PBXGroup;
			children = (
				648CE513291865E800489215 /* MemorizeUITests.swift */,
				648CE515291865E800489215 /* MemorizeUITestsLaunchTests.swift */,
			);
			path = MemorizeUITests;
			sourceTree = "<group>";
		};
/* End PBXGroup section */

/* Begin PBXNativeTarget section */
		648CE4F4291865E700489215 /* Memorize */ = {
			isa = PBXNativeTarget;
			buildConfigurationList = 648CE519291865E800489215 /* Build configuration list for PBXNativeTarget "Memorize" */;
			buildPhases = (
				648CE4F1291865E700489215 /* Sources */,
				648CE4F2291865E700489215 /* Frameworks */,
				648CE4F3291865E700489215 /* Resources */,
			);
			buildRules = (
			);
			dependencies = (
			);
			name = Memorize;
			productName = Memorize;
			productReference = 648CE4F5291865E700489215 /* Memorize.app */;
			productType = "com.apple.product-type.application";
		};
		648CE504291865E800489215 /* MemorizeTests */ = {
			isa = PBXNativeTarget;
			buildConfigurationList = 648CE51C291865E800489215 /* Build configuration list for PBXNativeTarget "MemorizeTests" */;
			buildPhases = (
				648CE501291865E800489215 /* Sources */,
				648CE502291865E800489215 /* Frameworks */,
				648CE503291865E800489215 /* Resources */,
			);
			buildRules = (
			);
			dependencies = (
				648CE507291865E800489215 /* PBXTargetDependency */,
			);
			name = MemorizeTests;
			productName = MemorizeTests;
			productReference = 648CE505291865E800489215 /* MemorizeTests.xctest */;
			productType = "com.apple.product-type.bundle.unit-test";
		};
		648CE50E291865E800489215 /* MemorizeUITests */ = {
			isa = PBXNativeTarget;
			buildConfigurationList = 648CE51F291865E800489215 /* Build configuration list for PBXNativeTarget "MemorizeUITests" */;
			buildPhases = (
				648CE50B291865E800489215 /* Sources */,
				648CE50C291865E800489215 /* Frameworks */,
				648CE50D291865E800489215 /* Resources */,
			);
			buildRules = (
			);
			dependencies = (
				648CE511291865E800489215 /* PBXTargetDependency */,
			);
			name = MemorizeUITests;
			productName = MemorizeUITests;
			productReference = 648CE50F291865E800489215 /* MemorizeUITests.xctest */;
			productType = "com.apple.product-type.bundle.ui-testing";
		};
/* End PBXNativeTarget section */

/* Begin PBXProject section */
		648CE4ED291865E700489215 /* Project object */ = {
			isa = PBXProject;
			attributes = {
				BuildIndependentTargetsInParallel = 1;
				LastSwiftUpdateCheck = 1410;
				LastUpgradeCheck = 1410;
				TargetAttributes = {
					648CE4F4291865E700489215 = {
						CreatedOnToolsVersion = 14.1;
					};
					648CE504291865E800489215 = {
						CreatedOnToolsVersion = 14.1;
						TestTargetID = 648CE4F4291865E700489215;
					};
					648CE50E291865E800489215 = {
						CreatedOnToolsVersion = 14.1;
						TestTargetID = 648CE4F4291865E700489215;
					};
				};
			};
			buildConfigurationList = 648CE4F0291865E700489215 /* Build configuration list for PBXProject "Memorize" */;
			compatibilityVersion = "Xcode 14.0";
			developmentRegion = en;
			hasScannedForEncodings = 0;
			knownRegions = (
				en,
				Base,
			);
			mainGroup = 648CE4EC291865E700489215;
			productRefGroup = 648CE4F6291865E700489215 /* Products */;
			projectDirPath = "";
			projectRoot = "";
			targets = (
				648CE4F4291865E700489215 /* Memorize */,
				648CE504291865E800489215 /* MemorizeTests */,
				648CE50E291865E800489215 /* MemorizeUITests */,
			);
		};
/* End PBXProject section */

/* Begin PBXResourcesBuildPhase section */
		648CE4F3291865E700489215 /* Resources */ = {
			isa = PBXResourcesBuildPhase;
			buildActionMask = 2147483647;
			files = (
				648CE500291865E800489215 /* Preview Assets.xcassets in Resources */,
				648CE4FD291865E800489215 /* Assets.xcassets in Resources */,
			);
			runOnlyForDeploymentPostprocessing = 0;
		};
		648CE503291865E800489215 /* Resources */ = {
			isa = PBXResourcesBuildPhase;
			buildActionMask = 2147483647;
			files = (
			);
			runOnlyForDeploymentPostprocessing = 0;
		};
		648CE50D291865E800489215 /* Resources */ = {
			isa = PBXResourcesBuildPhase;
			buildActionMask = 2147483647;
			files = (
			);
			runOnlyForDeploymentPostprocessing = 0;
		};
/* End PBXResourcesBuildPhase section */

/* Begin PBXSourcesBuildPhase section */
		648CE4F1291865E700489215 /* Sources */ = {
			isa = PBXSourcesBuildPhase;
			buildActionMask = 2147483647;
			files = (
				648CE4FB291865E700489215 /* ContentView.swift in Sources */,
				648CE52729186C7E00489215 /* CardView.swift in Sources */,
				648CE4F9291865E700489215 /* MemorizeApp.swift in Sources */,
			);
			runOnlyForDeploymentPostprocessing = 0;
		};
		648CE501291865E800489215 /* Sources */ = {
			isa = PBXSourcesBuildPhase;
			buildActionMask = 2147483647;
			files = (
				648CE50A291865E800489215 /* MemorizeTests.swift in Sources */,
			);
			runOnlyForDeploymentPostprocessing = 0;
		};
		648CE50B291865E800489215 /* Sources */ = {
			isa = PBXSourcesBuildPhase;
			buildActionMask = 2147483647;
			files = (
				648CE516291865E800489215 /* MemorizeUITestsLaunchTests.swift in Sources */,
				648CE514291865E800489215 /* MemorizeUITests.swift in Sources */,
			);
			runOnlyForDeploymentPostprocessing = 0;
		};
/* End PBXSourcesBuildPhase section */

/* Begin PBXTargetDependency section */
		648CE507291865E800489215 /* PBXTargetDependency */ = {
			isa = PBXTargetDependency;
			target = 648CE4F4291865E700489215 /* Memorize */;
			targetProxy = 648CE506291865E800489215 /* PBXContainerItemProxy */;
		};
		648CE511291865E800489215 /* PBXTargetDependency */ = {
			isa = PBXTargetDependency;
			target = 648CE4F4291865E700489215 /* Memorize */;
			targetProxy = 648CE510291865E800489215 /* PBXContainerItemProxy */;
		};
/* End PBXTargetDependency section */

/* Begin XCBuildConfiguration section */
		648CE517291865E800489215 /* Debug */ = {
			isa = XCBuildConfiguration;
			buildSettings = {
				ALWAYS_SEARCH_USER_PATHS = NO;
				CLANG_ANALYZER_NONNULL = YES;
				CLANG_ANALYZER_NUMBER_OBJECT_CONVERSION = YES_AGGRESSIVE;
				CLANG_CXX_LANGUAGE_STANDARD = "gnu++20";
				CLANG_ENABLE_MODULES = YES;
				CLANG_ENABLE_OBJC_ARC = YES;
				CLANG_ENABLE_OBJC_WEAK = YES;
				CLANG_WARN_BLOCK_CAPTURE_AUTORELEASING = YES;
				CLANG_WARN_BOOL_CONVERSION = YES;
				CLANG_WARN_COMMA = YES;
				CLANG_WARN_CONSTANT_CONVERSION = YES;
				CLANG_WARN_DEPRECATED_OBJC_IMPLEMENTATIONS = YES;
				CLANG_WARN_DIRECT_OBJC_ISA_USAGE = YES_ERROR;
				CLANG_WARN_DOCUMENTATION_COMMENTS = YES;
				CLANG_WARN_EMPTY_BODY = YES;
				CLANG_WARN_ENUM_CONVERSION = YES;
				CLANG_WARN_INFINITE_RECURSION = YES;
				CLANG_WARN_INT_CONVERSION = YES;
				CLANG_WARN_NON_LITERAL_NULL_CONVERSION = YES;
				CLANG_WARN_OBJC_IMPLICIT_RETAIN_SELF = YES;
				CLANG_WARN_OBJC_LITERAL_CONVERSION = YES;
				CLANG_WARN_OBJC_ROOT_CLASS = YES_ERROR;
				CLANG_WARN_QUOTED_INCLUDE_IN_FRAMEWORK_HEADER = YES;
				CLANG_WARN_RANGE_LOOP_ANALYSIS = YES;
				CLANG_WARN_STRICT_PROTOTYPES = YES;
				CLANG_WARN_SUSPICIOUS_MOVE = YES;
				CLANG_WARN_UNGUARDED_AVAILABILITY = YES_AGGRESSIVE;
				CLANG_WARN_UNREACHABLE_CODE = YES;
				CLANG_WARN__DUPLICATE_METHOD_MATCH = YES;
				COPY_PHASE_STRIP = NO;
				DEBUG_INFORMATION_FORMAT = dwarf;
				ENABLE_STRICT_OBJC_MSGSEND = YES;
				ENABLE_TESTABILITY = YES;
				GCC_C_LANGUAGE_STANDARD = gnu11;
				GCC_DYNAMIC_NO_PIC = NO;
				GCC_NO_COMMON_BLOCKS = YES;
				GCC_OPTIMIZATION_LEVEL = 0;
				GCC_PREPROCESSOR_DEFINITIONS = (
					"DEBUG=1",
					"$(inherited)",
				);
				GCC_WARN_64_TO_32_BIT_CONVERSION = YES;
				GCC_WARN_ABOUT_RETURN_TYPE = YES_ERROR;
				GCC_WARN_UNDECLARED_SELECTOR = YES;
				GCC_WARN_UNINITIALIZED_AUTOS = YES_AGGRESSIVE;
				GCC_WARN_UNUSED_FUNCTION = YES;
				GCC_WARN_UNUSED_VARIABLE = YES;
				IPHONEOS_DEPLOYMENT_TARGET = 16.1;
				MTL_ENABLE_DEBUG_INFO = INCLUDE_SOURCE;
				MTL_FAST_MATH = YES;
				ONLY_ACTIVE_ARCH = YES;
				SDKROOT = iphoneos;
				SWIFT_ACTIVE_COMPILATION_CONDITIONS = DEBUG;
				SWIFT_OPTIMIZATION_LEVEL = "-Onone";
			};
			name = Debug;
		};
		648CE518291865E800489215 /* Release */ = {
			isa = XCBuildConfiguration;
			buildSettings = {
				ALWAYS_SEARCH_USER_PATHS = NO;
				CLANG_ANALYZER_NONNULL = YES;
				CLANG_ANALYZER_NUMBER_OBJECT_CONVERSION = YES_AGGRESSIVE;
				CLANG_CXX_LANGUAGE_STANDARD = "gnu++20";
				CLANG_ENABLE_MODULES = YES;
				CLANG_ENABLE_OBJC_ARC = YES;
				CLANG_ENABLE_OBJC_WEAK = YES;
				CLANG_WARN_BLOCK_CAPTURE_AUTORELEASING = YES;
				CLANG_WARN_BOOL_CONVERSION = YES;
				CLANG_WARN_COMMA = YES;
				CLANG_WARN_CONSTANT_CONVERSION = YES;
				CLANG_WARN_DEPRECATED_OBJC_IMPLEMENTATIONS = YES;
				CLANG_WARN_DIRECT_OBJC_ISA_USAGE = YES_ERROR;
				CLANG_WARN_DOCUMENTATION_COMMENTS = YES;
				CLANG_WARN_EMPTY_BODY = YES;
				CLANG_WARN_ENUM_CONVERSION = YES;
				CLANG_WARN_INFINITE_RECURSION = YES;
				CLANG_WARN_INT_CONVERSION = YES;
				CLANG_WARN_NON_LITERAL_NULL_CONVERSION = YES;
				CLANG_WARN_OBJC_IMPLICIT_RETAIN_SELF = YES;
				CLANG_WARN_OBJC_LITERAL_CONVERSION = YES;
				CLANG_WARN_OBJC_ROOT_CLASS = YES_ERROR;
				CLANG_WARN_QUOTED_INCLUDE_IN_FRAMEWORK_HEADER = YES;
				CLANG_WARN_RANGE_LOOP_ANALYSIS = YES;
				CLANG_WARN_STRICT_PROTOTYPES = YES;
				CLANG_WARN_SUSPICIOUS_MOVE = YES;
				CLANG_WARN_UNGUARDED_AVAILABILITY = YES_AGGRESSIVE;
				CLANG_WARN_UNREACHABLE_CODE = YES;
				CLANG_WARN__DUPLICATE_METHOD_MATCH = YES;
				COPY_PHASE_STRIP = NO;
				DEBUG_INFORMATION_FORMAT = "dwarf-with-dsym";
				ENABLE_NS_ASSERTIONS = NO;
				ENABLE_STRICT_OBJC_MSGSEND = YES;
				GCC_C_LANGUAGE_STANDARD = gnu11;
				GCC_NO_COMMON_BLOCKS = YES;
				GCC_WARN_64_TO_32_BIT_CONVERSION = YES;
				GCC_WARN_ABOUT_RETURN_TYPE = YES_ERROR;
				GCC_WARN_UNDECLARED_SELECTOR = YES;
				GCC_WARN_UNINITIALIZED_AUTOS = YES_AGGRESSIVE;
				GCC_WARN_UNUSED_FUNCTION = YES;
				GCC_WARN_UNUSED_VARIABLE = YES;
				IPHONEOS_DEPLOYMENT_TARGET = 16.1;
				MTL_ENABLE_DEBUG_INFO = NO;
				MTL_FAST_MATH = YES;
				SDKROOT = iphoneos;
				SWIFT_COMPILATION_MODE = wholemodule;
				SWIFT_OPTIMIZATION_LEVEL = "-O";
				VALIDATE_PRODUCT = YES;
			};
			name = Release;
		};
		648CE51A291865E800489215 /* Debug */ = {
			isa = XCBuildConfiguration;
			buildSettings = {
				ASSETCATALOG_COMPILER_APPICON_NAME = AppIcon;
				ASSETCATALOG_COMPILER_GLOBAL_ACCENT_COLOR_NAME = AccentColor;
				CODE_SIGN_STYLE = Automatic;
				CURRENT_PROJECT_VERSION = 1;
				DEVELOPMENT_ASSET_PATHS = "\"Memorize/Preview Content\"";
				ENABLE_PREVIEWS = YES;
				GENERATE_INFOPLIST_FILE = YES;
				INFOPLIST_KEY_UIApplicationSceneManifest_Generation = YES;
				INFOPLIST_KEY_UIApplicationSupportsIndirectInputEvents = YES;
				INFOPLIST_KEY_UILaunchScreen_Generation = YES;
				INFOPLIST_KEY_UISupportedInterfaceOrientations_iPad = "UIInterfaceOrientationPortrait UIInterfaceOrientationPortraitUpsideDown UIInterfaceOrientationLandscapeLeft UIInterfaceOrientationLandscapeRight";
				INFOPLIST_KEY_UISupportedInterfaceOrientations_iPhone = "UIInterfaceOrientationPortrait UIInterfaceOrientationLandscapeLeft UIInterfaceOrientationLandscapeRight";
				LD_RUNPATH_SEARCH_PATHS = (
					"$(inherited)",
					"@executable_path/Frameworks",
				);
				MARKETING_VERSION = 1.0;
				PRODUCT_BUNDLE_IDENTIFIER = com.netlight.tech201.Memorize;
				PRODUCT_NAME = "$(TARGET_NAME)";
				SWIFT_EMIT_LOC_STRINGS = YES;
				SWIFT_VERSION = 5.0;
				TARGETED_DEVICE_FAMILY = "1,2";
			};
			name = Debug;
		};
		648CE51B291865E800489215 /* Release */ = {
			isa = XCBuildConfiguration;
			buildSettings = {
				ASSETCATALOG_COMPILER_APPICON_NAME = AppIcon;
				ASSETCATALOG_COMPILER_GLOBAL_ACCENT_COLOR_NAME = AccentColor;
				CODE_SIGN_STYLE = Automatic;
				CURRENT_PROJECT_VERSION = 1;
				DEVELOPMENT_ASSET_PATHS = "\"Memorize/Preview Content\"";
				ENABLE_PREVIEWS = YES;
				GENERATE_INFOPLIST_FILE = YES;
				INFOPLIST_KEY_UIApplicationSceneManifest_Generation = YES;
				INFOPLIST_KEY_UIApplicationSupportsIndirectInputEvents = YES;
				INFOPLIST_KEY_UILaunchScreen_Generation = YES;
				INFOPLIST_KEY_UISupportedInterfaceOrientations_iPad = "UIInterfaceOrientationPortrait UIInterfaceOrientationPortraitUpsideDown UIInterfaceOrientationLandscapeLeft UIInterfaceOrientationLandscapeRight";
				INFOPLIST_KEY_UISupportedInterfaceOrientations_iPhone = "UIInterfaceOrientationPortrait UIInterfaceOrientationLandscapeLeft UIInterfaceOrientationLandscapeRight";
				LD_RUNPATH_SEARCH_PATHS = (
					"$(inherited)",
					"@executable_path/Frameworks",
				);
				MARKETING_VERSION = 1.0;
				PRODUCT_BUNDLE_IDENTIFIER = com.netlight.tech201.Memorize;
				PRODUCT_NAME = "$(TARGET_NAME)";
				SWIFT_EMIT_LOC_STRINGS = YES;
				SWIFT_VERSION = 5.0;
				TARGETED_DEVICE_FAMILY = "1,2";
			};
			name = Release;
		};
		648CE51D291865E800489215 /* Debug */ = {
			isa = XCBuildConfiguration;
			buildSettings = {
				ALWAYS_EMBED_SWIFT_STANDARD_LIBRARIES = YES;
				BUNDLE_LOADER = "$(TEST_HOST)";
				CODE_SIGN_STYLE = Automatic;
				CURRENT_PROJECT_VERSION = 1;
				GENERATE_INFOPLIST_FILE = YES;
				IPHONEOS_DEPLOYMENT_TARGET = 16.1;
				MARKETING_VERSION = 1.0;
				PRODUCT_BUNDLE_IDENTIFIER = com.netlight.tech201.MemorizeTests;
				PRODUCT_NAME = "$(TARGET_NAME)";
				SWIFT_EMIT_LOC_STRINGS = NO;
				SWIFT_VERSION = 5.0;
				TARGETED_DEVICE_FAMILY = "1,2";
				TEST_HOST = "$(BUILT_PRODUCTS_DIR)/Memorize.app/$(BUNDLE_EXECUTABLE_FOLDER_PATH)/Memorize";
			};
			name = Debug;
		};
		648CE51E291865E800489215 /* Release */ = {
			isa = XCBuildConfiguration;
			buildSettings = {
				ALWAYS_EMBED_SWIFT_STANDARD_LIBRARIES = YES;
				BUNDLE_LOADER = "$(TEST_HOST)";
				CODE_SIGN_STYLE = Automatic;
				CURRENT_PROJECT_VERSION = 1;
				GENERATE_INFOPLIST_FILE = YES;
				IPHONEOS_DEPLOYMENT_TARGET = 16.1;
				MARKETING_VERSION = 1.0;
				PRODUCT_BUNDLE_IDENTIFIER = com.netlight.tech201.MemorizeTests;
				PRODUCT_NAME = "$(TARGET_NAME)";
				SWIFT_EMIT_LOC_STRINGS = NO;
				SWIFT_VERSION = 5.0;
				TARGETED_DEVICE_FAMILY = "1,2";
				TEST_HOST = "$(BUILT_PRODUCTS_DIR)/Memorize.app/$(BUNDLE_EXECUTABLE_FOLDER_PATH)/Memorize";
			};
			name = Release;
		};
		648CE520291865E800489215 /* Debug */ = {
			isa = XCBuildConfiguration;
			buildSettings = {
				ALWAYS_EMBED_SWIFT_STANDARD_LIBRARIES = YES;
				CODE_SIGN_STYLE = Automatic;
				CURRENT_PROJECT_VERSION = 1;
				GENERATE_INFOPLIST_FILE = YES;
				MARKETING_VERSION = 1.0;
				PRODUCT_BUNDLE_IDENTIFIER = com.netlight.tech201.MemorizeUITests;
				PRODUCT_NAME = "$(TARGET_NAME)";
				SWIFT_EMIT_LOC_STRINGS = NO;
				SWIFT_VERSION = 5.0;
				TARGETED_DEVICE_FAMILY = "1,2";
				TEST_TARGET_NAME = Memorize;
			};
			name = Debug;
		};
		648CE521291865E800489215 /* Release */ = {
			isa = XCBuildConfiguration;
			buildSettings = {
				ALWAYS_EMBED_SWIFT_STANDARD_LIBRARIES = YES;
				CODE_SIGN_STYLE = Automatic;
				CURRENT_PROJECT_VERSION = 1;
				GENERATE_INFOPLIST_FILE = YES;
				MARKETING_VERSION = 1.0;
				PRODUCT_BUNDLE_IDENTIFIER = com.netlight.tech201.MemorizeUITests;
				PRODUCT_NAME = "$(TARGET_NAME)";
				SWIFT_EMIT_LOC_STRINGS = NO;
				SWIFT_VERSION = 5.0;
				TARGETED_DEVICE_FAMILY = "1,2";
				TEST_TARGET_NAME = Memorize;
			};
			name = Release;
		};
/* End XCBuildConfiguration section */

/* Begin XCConfigurationList section */
		648CE4F0291865E700489215 /* Build configuration list for PBXProject "Memorize" */ = {
			isa = XCConfigurationList;
			buildConfigurations = (
				648CE517291865E800489215 /* Debug */,
				648CE518291865E800489215 /* Release */,
			);
			defaultConfigurationIsVisible = 0;
			defaultConfigurationName = Release;
		};
		648CE519291865E800489215 /* Build configuration list for PBXNativeTarget "Memorize" */ = {
			isa = XCConfigurationList;
			buildConfigurations = (
				648CE51A291865E800489215 /* Debug */,
				648CE51B291865E800489215 /* Release */,
			);
			defaultConfigurationIsVisible = 0;
			defaultConfigurationName = Release;
		};
		648CE51C291865E800489215 /* Build configuration list for PBXNativeTarget "MemorizeTests" */ = {
			isa = XCConfigurationList;
			buildConfigurations = (
				648CE51D291865E800489215 /* Debug */,
				648CE51E291865E800489215 /* Release */,
			);
			defaultConfigurationIsVisible = 0;
			defaultConfigurationName = Release;
		};
		648CE51F291865E800489215 /* Build configuration list for PBXNativeTarget "MemorizeUITests" */ = {
			isa = XCConfigurationList;
			buildConfigurations = (
				648CE520291865E800489215 /* Debug */,
				648CE521291865E800489215 /* Release */,
			);
			defaultConfigurationIsVisible = 0;
			defaultConfigurationName = Release;
		};
/* End XCConfigurationList section */
	};
	rootObject = 648CE4ED291865E700489215 /* Project object */;
}
